
Microsoft Visual Studio Solution File, Format Version 12.00
# Visual Studio Version 16
VisualStudioVersion = 16.0.31911.196
MinimumVisualStudioVersion = 10.0.40219.1
Project("{FAE04EC0-301F-11D3-BF4B-00C04F79EFBC}") = "ProductSearchWeb", "ProductSearch\ProductSearchWeb.csproj", "{015B171A-EF18-4707-B2E3-CFAB005DFACE}"
EndProject
Project("{FAE04EC0-301F-11D3-BF4B-00C04F79EFBC}") = "ProductsDAL", "ProductsDAL\ProductsDAL.csproj", "{39C3C192-063B-4DB1-91EA-F70C6392445D}"
EndProject
Project("{FAE04EC0-301F-11D3-BF4B-00C04F79EFBC}") = "ProductsBLL", "ProductsBLL\ProductsBLL.csproj", "{EE851602-D4F2-48B2-BED4-66F31930D84F}"
EndProject
Project("{FAE04EC0-301F-11D3-BF4B-00C04F79EFBC}") = "ProductsModels", "ProductsModels\ProductsModels.csproj", "{5F3E237A-23CC-4AE4-AEAC-E48DD62E34B7}"
EndProject
Global
	GlobalSection(SolutionConfigurationPlatforms) = preSolution
		Debug|Any CPU = Debug|Any CPU
		Release|Any CPU = Release|Any CPU
	EndGlobalSection
	GlobalSection(ProjectConfigurationPlatforms) = postSolution
		{015B171A-EF18-4707-B2E3-CFAB005DFACE}.Debug|Any CPU.ActiveCfg = Debug|Any CPU
		{015B171A-EF18-4707-B2E3-CFAB005DFACE}.Debug|Any CPU.Build.0 = Debug|Any CPU
		{015B171A-EF18-4707-B2E3-CFAB005DFACE}.Release|Any CPU.ActiveCfg = Release|Any CPU
		{015B171A-EF18-4707-B2E3-CFAB005DFACE}.Release|Any CPU.Build.0 = Release|Any CPU
		{39C3C192-063B-4DB1-91EA-F70C6392445D}.Debug|Any CPU.ActiveCfg = Debug|Any CPU
		{39C3C192-063B-4DB1-91EA-F70C6392445D}.Debug|Any CPU.Build.0 = Debug|Any CPU
		{39C3C192-063B-4DB1-91EA-F70C6392445D}.Release|Any CPU.ActiveCfg = Release|Any CPU
		{39C3C192-063B-4DB1-91EA-F70C6392445D}.Release|Any CPU.Build.0 = Release|Any CPU
		{EE851602-D4F2-48B2-BED4-66F31930D84F}.Debug|Any CPU.ActiveCfg = Debug|Any CPU
		{EE851602-D4F2-48B2-BED4-66F31930D84F}.Debug|Any CPU.Build.0 = Debug|Any CPU
		{EE851602-D4F2-48B2-BED4-66F31930D84F}.Release|Any CPU.ActiveCfg = Release|Any CPU
		{EE851602-D4F2-48B2-BED4-66F31930D84F}.Release|Any CPU.Build.0 = Release|Any CPU
		{5F3E237A-23CC-4AE4-AEAC-E48DD62E34B7}.Debug|Any CPU.ActiveCfg = Debug|Any CPU
		{5F3E237A-23CC-4AE4-AEAC-E48DD62E34B7}.Debug|Any CPU.Build.0 = Debug|Any CPU
		{5F3E237A-23CC-4AE4-AEAC-E48DD62E34B7}.Release|Any CPU.ActiveCfg = Release|Any CPU
		{5F3E237A-23CC-4AE4-AEAC-E48DD62E34B7}.Release|Any CPU.Build.0 = Release|Any CPU
	EndGlobalSection
	GlobalSection(SolutionProperties) = preSolution
		HideSolutionNode = FALSE
	EndGlobalSection
	GlobalSection(ExtensibilityGlobals) = postSolution
		SolutionGuid = {AD6EBA48-79C2-4DC5-BFD8-CDEECEE6061E}
	EndGlobalSection
EndGlobal
